Microsoft Visual Studio Solution File, Format Version 12.00
# Visual Studio Version 17
VisualStudioVersion = 17.0.31903.59
MinimumVisualStudioVersion = 10.0.40219.1
Project("{FAE04EC0-301F-11D3-BF4B-00C04F79EFBC}") = "MigrationTool.Core", "src/MigrationTool.Core/MigrationTool.Core.csproj", "{F4E154B1-EB98-4A52-AE73-1E6075C2D8A1}"
EndProject
Project("{FAE04EC0-301F-11D3-BF4B-00C04F79EFBC}") = "MigrationTool.SmokeTests", "tests/MigrationTool.SmokeTests/MigrationTool.SmokeTests.csproj", "{529EB1C4-6B55-48FA-B20C-3140FD32E0F4}"
EndProject
Global
	GlobalSection(SolutionConfigurationPlatforms) = preSolution
		Debug|Any CPU = Debug|Any CPU
		Release|Any CPU = Release|Any CPU
	EndGlobalSection
	GlobalSection(ProjectConfigurationPlatforms) = postSolution
		{F4E154B1-EB98-4A52-AE73-1E6075C2D8A1}.Debug|Any CPU.ActiveCfg = Debug|Any CPU
		{F4E154B1-EB98-4A52-AE73-1E6075C2D8A1}.Debug|Any CPU.Build.0 = Debug|Any CPU
		{F4E154B1-EB98-4A52-AE73-1E6075C2D8A1}.Release|Any CPU.ActiveCfg = Release|Any CPU
		{F4E154B1-EB98-4A52-AE73-1E6075C2D8A1}.Release|Any CPU.Build.0 = Release|Any CPU
		{529EB1C4-6B55-48FA-B20C-3140FD32E0F4}.Debug|Any CPU.ActiveCfg = Debug|Any CPU
		{529EB1C4-6B55-48FA-B20C-3140FD32E0F4}.Debug|Any CPU.Build.0 = Debug|Any CPU
		{529EB1C4-6B55-48FA-B20C-3140FD32E0F4}.Release|Any CPU.ActiveCfg = Release|Any CPU
		{529EB1C4-6B55-48FA-B20C-3140FD32E0F4}.Release|Any CPU.Build.0 = Release|Any CPU
	EndGlobalSection
EndGlobal
